
Microsoft Visual Studio Solution File, Format Version 12.00
# Visual Studio Version 17
VisualStudioVersion = 17.5.33502.453
MinimumVisualStudioVersion = 10.0.40219.1
Project("{FAE04EC0-301F-11D3-BF4B-00C04F79EFBC}") = "mathModelingLab5Population", "mathModelingLab5Population.csproj", "{332971D0-C76E-4FE9-8889-02EB1879E32A}"
EndProject
Global
	GlobalSection(SolutionConfigurationPlatforms) = preSolution
		Debug|Any CPU = Debug|Any CPU
		Release|Any CPU = Release|Any CPU
	EndGlobalSection
	GlobalSection(ProjectConfigurationPlatforms) = postSolution
		{332971D0-C76E-4FE9-8889-02EB1879E32A}.Debug|Any CPU.ActiveCfg = Debug|Any CPU
		{332971D0-C76E-4FE9-8889-02EB1879E32A}.Debug|Any CPU.Build.0 = Debug|Any CPU
		{332971D0-C76E-4FE9-8889-02EB1879E32A}.Release|Any CPU.ActiveCfg = Release|Any CPU
		{332971D0-C76E-4FE9-8889-02EB1879E32A}.Release|Any CPU.Build.0 = Release|Any CPU
	EndGlobalSection
	GlobalSection(SolutionProperties) = preSolution
		HideSolutionNode = FALSE
	EndGlobalSection
	GlobalSection(ExtensibilityGlobals) = postSolution
		SolutionGuid = {87EAA92F-2340-4985-85FD-F042173E05AA}
	EndGlobalSection
EndGlobal
